
Microsoft Visual Studio Solution File, Format Version 12.00
# Visual Studio Version 16
VisualStudioVersion = 16.0.30413.136
MinimumVisualStudioVersion = 10.0.40219.1
Project("{FAE04EC0-301F-11D3-BF4B-00C04F79EFBC}") = "FuelSA.Client", "FuelSA.Client\FuelSA.Client.csproj", "{C5A68386-349E-4EFB-92C4-4563B4EC8F61}"
EndProject
Project("{FAE04EC0-301F-11D3-BF4B-00C04F79EFBC}") = "FuelSA.Client.Example", "FuelSA.Client.Example\FuelSA.Client.Example.csproj", "{BB890040-1A85-45FD-95F9-27778E114D1E}"
EndProject
Global
	GlobalSection(SolutionConfigurationPlatforms) = preSolution
		Debug|Any CPU = Debug|Any CPU
		Release|Any CPU = Release|Any CPU
	EndGlobalSection
	GlobalSection(ProjectConfigurationPlatforms) = postSolution
		{C5A68386-349E-4EFB-92C4-4563B4EC8F61}.Debug|Any CPU.ActiveCfg = Debug|Any CPU
		{C5A68386-349E-4EFB-92C4-4563B4EC8F61}.Debug|Any CPU.Build.0 = Debug|Any CPU
		{C5A68386-349E-4EFB-92C4-4563B4EC8F61}.Release|Any CPU.ActiveCfg = Release|Any CPU
		{C5A68386-349E-4EFB-92C4-4563B4EC8F61}.Release|Any CPU.Build.0 = Release|Any CPU
		{BB890040-1A85-45FD-95F9-27778E114D1E}.Debug|Any CPU.ActiveCfg = Debug|Any CPU
		{BB890040-1A85-45FD-95F9-27778E114D1E}.Debug|Any CPU.Build.0 = Debug|Any CPU
		{BB890040-1A85-45FD-95F9-27778E114D1E}.Release|Any CPU.ActiveCfg = Release|Any CPU
		{BB890040-1A85-45FD-95F9-27778E114D1E}.Release|Any CPU.Build.0 = Release|Any CPU
	EndGlobalSection
	GlobalSection(SolutionProperties) = preSolution
		HideSolutionNode = FALSE
	EndGlobalSection
	GlobalSection(ExtensibilityGlobals) = postSolution
		SolutionGuid = {516AFC73-D88C-400E-92A4-4EBFB4C5C86C}
	EndGlobalSection
EndGlobal
